// !$*UTF8*$!
{
	archiveVersion = 1;
	classes = {
	};
	objectVersion = 55;
	objects = {

/* Begin PBXBuildFile section */
		3518BF9128336D3A00EAA240 /* ShoppingListDetailView.swift in Sources */ = {isa = PBXBuildFile; fileRef = 3518BF9028336D3A00EAA240 /* ShoppingListDetailView.swift */; };
		3518BF9328336D6600EAA240 /* ShoppingList.swift in Sources */ = {isa = PBXBuildFile; fileRef = 3518BF9228336D6600EAA240 /* ShoppingList.swift */; };
		3518BF9528336DD700EAA240 /* AddIngredientDetailView.swift in Sources */ = {isa = PBXBuildFile; fileRef = 3518BF9428336DD700EAA240 /* AddIngredientDetailView.swift */; };
		3518BF9728336E2D00EAA240 /* IngredientRow.swift in Sources */ = {isa = PBXBuildFile; fileRef = 3518BF9628336E2D00EAA240 /* IngredientRow.swift */; };
		352A28CC2830E86600E22E70 /* RecipeView.swift in Sources */ = {isa = PBXBuildFile; fileRef = 352A28CB2830E86600E22E70 /* RecipeView.swift */; };
		352A28CE2830E88200E22E70 /* IngredientView.swift in Sources */ = {isa = PBXBuildFile; fileRef = 352A28CD2830E88200E22E70 /* IngredientView.swift */; };
		352A28D02830EBB800E22E70 /* ContentView.swift in Sources */ = {isa = PBXBuildFile; fileRef = 352A28CF2830EBB800E22E70 /* ContentView.swift */; };
		352A28D22830F4AA00E22E70 /* ProfileView.swift in Sources */ = {isa = PBXBuildFile; fileRef = 352A28D12830F4AA00E22E70 /* ProfileView.swift */; };
		352A28D42830F6B700E22E70 /* Ingredient.swift in Sources */ = {isa = PBXBuildFile; fileRef = 352A28D32830F6B700E22E70 /* Ingredient.swift */; };
		352A28D62830F6C000E22E70 /* Measurement.swift in Sources */ = {isa = PBXBuildFile; fileRef = 352A28D52830F6C000E22E70 /* Measurement.swift */; };
		352A28D82830F6DE00E22E70 /* DietaryRequirements.swift in Sources */ = {isa = PBXBuildFile; fileRef = 352A28D72830F6DE00E22E70 /* DietaryRequirements.swift */; };
		352A28E028313CCF00E22E70 /* RecipeRow.swift in Sources */ = {isa = PBXBuildFile; fileRef = 352A28DF28313CCF00E22E70 /* RecipeRow.swift */; };
		352A28E228313EDF00E22E70 /* RecipeDetailView.swift in Sources */ = {isa = PBXBuildFile; fileRef = 352A28E128313EDF00E22E70 /* RecipeDetailView.swift */; };
		35ED9D3F28236D760090DFB6 /* RecipesApp.swift in Sources */ = {isa = PBXBuildFile; fileRef = 35ED9D3E28236D760090DFB6 /* RecipesApp.swift */; };
		35ED9D4128236D760090DFB6 /* HomeView.swift in Sources */ = {isa = PBXBuildFile; fileRef = 35ED9D4028236D760090DFB6 /* HomeView.swift */; };
		35ED9D4328236D790090DFB6 /* Assets.xcassets in Resources */ = {isa = PBXBuildFile; fileRef = 35ED9D4228236D790090DFB6 /* Assets.xcassets */; };
		35ED9D4628236D790090DFB6 /* Preview Assets.xcassets in Resources */ = {isa = PBXBuildFile; fileRef = 35ED9D4528236D790090DFB6 /* Preview Assets.xcassets */; };
		35ED9D4D28236F620090DFB6 /* Recipe.swift in Sources */ = {isa = PBXBuildFile; fileRef = 35ED9D4C28236F620090DFB6 /* Recipe.swift */; };
		9CFA01D7283453E700443AFB /* StaggerView.swift in Sources */ = {isa = PBXBuildFile; fileRef = 9CFA01D6283453E700443AFB /* StaggerView.swift */; };
/* End PBXBuildFile section */

/* Begin PBXFileReference section */
		3518BF9028336D3A00EAA240 /* ShoppingListDetailView.swift */ = {isa = PBXFileReference; lastKnownFileType = sourcecode.swift; path = ShoppingListDetailView.swift; sourceTree = "<group>"; };
		3518BF9228336D6600EAA240 /* ShoppingList.swift */ = {isa = PBXFileReference; lastKnownFileType = sourcecode.swift; path = ShoppingList.swift; sourceTree = "<group>"; };
		3518BF9428336DD700EAA240 /* AddIngredientDetailView.swift */ = {isa = PBXFileReference; lastKnownFileType = sourcecode.swift; path = AddIngredientDetailView.swift; sourceTree = "<group>"; };
		3518BF9628336E2D00EAA240 /* IngredientRow.swift */ = {isa = PBXFileReference; lastKnownFileType = sourcecode.swift; path = IngredientRow.swift; sourceTree = "<group>"; };
		352A28CB2830E86600E22E70 /* RecipeView.swift */ = {isa = PBXFileReference; lastKnownFileType = sourcecode.swift; path = RecipeView.swift; sourceTree = "<group>"; };
		352A28CD2830E88200E22E70 /* IngredientView.swift */ = {isa = PBXFileReference; lastKnownFileType = sourcecode.swift; path = IngredientView.swift; sourceTree = "<group>"; };
		352A28CF2830EBB800E22E70 /* ContentView.swift */ = {isa = PBXFileReference; lastKnownFileType = sourcecode.swift; path = ContentView.swift; sourceTree = "<group>"; };
		352A28D12830F4AA00E22E70 /* ProfileView.swift */ = {isa = PBXFileReference; lastKnownFileType = sourcecode.swift; path = ProfileView.swift; sourceTree = "<group>"; };
		352A28D32830F6B700E22E70 /* Ingredient.swift */ = {isa = PBXFileReference; lastKnownFileType = sourcecode.swift; path = Ingredient.swift; sourceTree = "<group>"; };
		352A28D52830F6C000E22E70 /* Measurement.swift */ = {isa = PBXFileReference; lastKnownFileType = sourcecode.swift; path = Measurement.swift; sourceTree = "<group>"; };
		352A28D72830F6DE00E22E70 /* DietaryRequirements.swift */ = {isa = PBXFileReference; lastKnownFileType = sourcecode.swift; path = DietaryRequirements.swift; sourceTree = "<group>"; };
		352A28DF28313CCF00E22E70 /* RecipeRow.swift */ = {isa = PBXFileReference; lastKnownFileType = sourcecode.swift; path = RecipeRow.swift; sourceTree = "<group>"; };
		352A28E128313EDF00E22E70 /* RecipeDetailView.swift */ = {isa = PBXFileReference; lastKnownFileType = sourcecode.swift; path = RecipeDetailView.swift; sourceTree = "<group>"; };
		35ED9D3B28236D760090DFB6 /* Recipes.app */ = {isa = PBXFileReference; explicitFileType = wrapper.application; includeInIndex = 0; path = Recipes.app; sourceTree = BUILT_PRODUCTS_DIR; };
		35ED9D3E28236D760090DFB6 /* RecipesApp.swift */ = {isa = PBXFileReference; lastKnownFileType = sourcecode.swift; path = RecipesApp.swift; sourceTree = "<group>"; };
		35ED9D4028236D760090DFB6 /* HomeView.swift */ = {isa = PBXFileReference; lastKnownFileType = sourcecode.swift; path = HomeView.swift; sourceTree = "<group>"; };
		35ED9D4228236D790090DFB6 /* Assets.xcassets */ = {isa = PBXFileReference; lastKnownFileType = folder.assetcatalog; path = Assets.xcassets; sourceTree = "<group>"; };
		35ED9D4528236D790090DFB6 /* Preview Assets.xcassets */ = {isa = PBXFileReference; lastKnownFileType = folder.assetcatalog; path = "Preview Assets.xcassets"; sourceTree = "<group>"; };
		35ED9D4C28236F620090DFB6 /* Recipe.swift */ = {isa = PBXFileReference; lastKnownFileType = sourcecode.swift; path = Recipe.swift; sourceTree = "<group>"; };
		9CFA01D6283453E700443AFB /* StaggerView.swift */ = {isa = PBXFileReference; lastKnownFileType = sourcecode.swift; path = StaggerView.swift; sourceTree = "<group>"; };
/* End PBXFileReference section */

/* Begin PBXFrameworksBuildPhase section */
		35ED9D3828236D760090DFB6 /* Frameworks */ = {
			isa = PBXFrameworksBuildPhase;
			buildActionMask = 2147483647;
			files = (
			);
			runOnlyForDeploymentPostprocessing = 0;
		};
/* End PBXFrameworksBuildPhase section */

/* Begin PBXGroup section */
		3518BF8F28336D0B00EAA240 /* IngredientView */ = {
			isa = PBXGroup;
			children = (
				352A28CD2830E88200E22E70 /* IngredientView.swift */,
				3518BF9028336D3A00EAA240 /* ShoppingListDetailView.swift */,
				3518BF9428336DD700EAA240 /* AddIngredientDetailView.swift */,
				3518BF9628336E2D00EAA240 /* IngredientRow.swift */,
			);
			path = IngredientView;
			sourceTree = "<group>";
		};
		352A28DE28313CA800E22E70 /* RecipeView */ = {
			isa = PBXGroup;
			children = (
				352A28CB2830E86600E22E70 /* RecipeView.swift */,
				352A28DF28313CCF00E22E70 /* RecipeRow.swift */,
				352A28E128313EDF00E22E70 /* RecipeDetailView.swift */,
			);
			path = RecipeView;
			sourceTree = "<group>";
		};
		35ED9D3228236D760090DFB6 = {
			isa = PBXGroup;
			children = (
				35ED9D3D28236D760090DFB6 /* Recipes */,
				35ED9D3C28236D760090DFB6 /* Products */,
			);
			sourceTree = "<group>";
		};
		35ED9D3C28236D760090DFB6 /* Products */ = {
			isa = PBXGroup;
			children = (
				35ED9D3B28236D760090DFB6 /* Recipes.app */,
			);
			name = Products;
			sourceTree = "<group>";
		};
		35ED9D3D28236D760090DFB6 /* Recipes */ = {
			isa = PBXGroup;
			children = (
				35ED9D3E28236D760090DFB6 /* RecipesApp.swift */,
				352A28CF2830EBB800E22E70 /* ContentView.swift */,
				352A28D12830F4AA00E22E70 /* ProfileView.swift */,
				35ED9D4028236D760090DFB6 /* HomeView.swift */,
				9CFA01D6283453E700443AFB /* StaggerView.swift */,
				3518BF8F28336D0B00EAA240 /* IngredientView */,
				352A28DE28313CA800E22E70 /* RecipeView */,
				35ED9D4228236D790090DFB6 /* Assets.xcassets */,
				35ED9D4428236D790090DFB6 /* Preview Content */,
				35ED9D4E28236F6C0090DFB6 /* Models */,
			);
			path = Recipes;
			sourceTree = "<group>";
		};
		35ED9D4428236D790090DFB6 /* Preview Content */ = {
			isa = PBXGroup;
			children = (
				35ED9D4528236D790090DFB6 /* Preview Assets.xcassets */,
			);
			path = "Preview Content";
			sourceTree = "<group>";
		};
		35ED9D4E28236F6C0090DFB6 /* Models */ = {
			isa = PBXGroup;
			children = (
				352A28D72830F6DE00E22E70 /* DietaryRequirements.swift */,
				35ED9D4C28236F620090DFB6 /* Recipe.swift */,
				352A28D32830F6B700E22E70 /* Ingredient.swift */,
				352A28D52830F6C000E22E70 /* Measurement.swift */,
				3518BF9228336D6600EAA240 /* ShoppingList.swift */,
			);
			path = Models;
			sourceTree = "<group>";
		};
/* End PBXGroup section */

/* Begin PBXNativeTarget section */
		35ED9D3A28236D760090DFB6 /* Recipes */ = {
			isa = PBXNativeTarget;
			buildConfigurationList = 35ED9D4928236D790090DFB6 /* Build configuration list for PBXNativeTarget "Recipes" */;
			buildPhases = (
				35ED9D3728236D760090DFB6 /* Sources */,
				35ED9D3828236D760090DFB6 /* Frameworks */,
				35ED9D3928236D760090DFB6 /* Resources */,
			);
			buildRules = (
			);
			dependencies = (
			);
			name = Recipes;
			productName = Recipes;
			productReference = 35ED9D3B28236D760090DFB6 /* Recipes.app */;
			productType = "com.apple.product-type.application";
		};
/* End PBXNativeTarget section */

/* Begin PBXProject section */
		35ED9D3328236D760090DFB6 /* Project object */ = {
			isa = PBXProject;
			attributes = {
				BuildIndependentTargetsInParallel = 1;
				KnownAssetTags = (
					pasta,
				);
				LastSwiftUpdateCheck = 1330;
				LastUpgradeCheck = 1330;
				TargetAttributes = {
					35ED9D3A28236D760090DFB6 = {
						CreatedOnToolsVersion = 13.3.1;
					};
				};
			};
			buildConfigurationList = 35ED9D3628236D760090DFB6 /* Build configuration list for PBXProject "Recipes" */;
			compatibilityVersion = "Xcode 13.0";
			developmentRegion = en;
			hasScannedForEncodings = 0;
			knownRegions = (
				en,
				Base,
			);
			mainGroup = 35ED9D3228236D760090DFB6;
			productRefGroup = 35ED9D3C28236D760090DFB6 /* Products */;
			projectDirPath = "";
			projectRoot = "";
			targets = (
				35ED9D3A28236D760090DFB6 /* Recipes */,
			);
		};
/* End PBXProject section */

/* Begin PBXResourcesBuildPhase section */
		35ED9D3928236D760090DFB6 /* Resources */ = {
			isa = PBXResourcesBuildPhase;
			buildActionMask = 2147483647;
			files = (
				35ED9D4628236D790090DFB6 /* Preview Assets.xcassets in Resources */,
				35ED9D4328236D790090DFB6 /* Assets.xcassets in Resources */,
			);
			runOnlyForDeploymentPostprocessing = 0;
		};
/* End PBXResourcesBuildPhase section */

/* Begin PBXSourcesBuildPhase section */
		35ED9D3728236D760090DFB6 /* Sources */ = {
			isa = PBXSourcesBuildPhase;
			buildActionMask = 2147483647;
			files = (
				352A28D82830F6DE00E22E70 /* DietaryRequirements.swift in Sources */,
				35ED9D4D28236F620090DFB6 /* Recipe.swift in Sources */,
				35ED9D4128236D760090DFB6 /* HomeView.swift in Sources */,
				352A28E028313CCF00E22E70 /* RecipeRow.swift in Sources */,
				352A28D02830EBB800E22E70 /* ContentView.swift in Sources */,
				352A28CC2830E86600E22E70 /* RecipeView.swift in Sources */,
				352A28D42830F6B700E22E70 /* Ingredient.swift in Sources */,
				3518BF9528336DD700EAA240 /* AddIngredientDetailView.swift in Sources */,
				9CFA01D7283453E700443AFB /* StaggerView.swift in Sources */,
				352A28E228313EDF00E22E70 /* RecipeDetailView.swift in Sources */,
				352A28D62830F6C000E22E70 /* Measurement.swift in Sources */,
				3518BF9328336D6600EAA240 /* ShoppingList.swift in Sources */,
				352A28CE2830E88200E22E70 /* IngredientView.swift in Sources */,
				3518BF9128336D3A00EAA240 /* ShoppingListDetailView.swift in Sources */,
				352A28D22830F4AA00E22E70 /* ProfileView.swift in Sources */,
				35ED9D3F28236D760090DFB6 /* RecipesApp.swift in Sources */,
				3518BF9728336E2D00EAA240 /* IngredientRow.swift in Sources */,
			);
			runOnlyForDeploymentPostprocessing = 0;
		};
/* End PBXSourcesBuildPhase section */

/* Begin XCBuildConfiguration section */
		35ED9D4728236D790090DFB6 /* Debug */ = {
			isa = XCBuildConfiguration;
			buildSettings = {
				ALWAYS_SEARCH_USER_PATHS = NO;
				CLANG_ANALYZER_NONNULL = YES;
				CLANG_ANALYZER_NUMBER_OBJECT_CONVERSION = YES_AGGRESSIVE;
				CLANG_CXX_LANGUAGE_STANDARD = "gnu++17";
				CLANG_ENABLE_MODULES = YES;
				CLANG_ENABLE_OBJC_ARC = YES;
				CLANG_ENABLE_OBJC_WEAK = YES;
				CLANG_WARN_BLOCK_CAPTURE_AUTORELEASING = YES;
				CLANG_WARN_BOOL_CONVERSION = YES;
				CLANG_WARN_COMMA = YES;
				CLANG_WARN_CONSTANT_CONVERSION = YES;
				CLANG_WARN_DEPRECATED_OBJC_IMPLEMENTATIONS = YES;
				CLANG_WARN_DIRECT_OBJC_ISA_USAGE = YES_ERROR;
				CLANG_WARN_DOCUMENTATION_COMMENTS = YES;
				CLANG_WARN_EMPTY_BODY = YES;
				CLANG_WARN_ENUM_CONVERSION = YES;
				CLANG_WARN_INFINITE_RECURSION = YES;
				CLANG_WARN_INT_CONVERSION = YES;
				CLANG_WARN_NON_LITERAL_NULL_CONVERSION = YES;
				CLANG_WARN_OBJC_IMPLICIT_RETAIN_SELF = YES;
				CLANG_WARN_OBJC_LITERAL_CONVERSION = YES;
				CLANG_WARN_OBJC_ROOT_CLASS = YES_ERROR;
				CLANG_WARN_QUOTED_INCLUDE_IN_FRAMEWORK_HEADER = YES;
				CLANG_WARN_RANGE_LOOP_ANALYSIS = YES;
				CLANG_WARN_STRICT_PROTOTYPES = YES;
				CLANG_WARN_SUSPICIOUS_MOVE = YES;
				CLANG_WARN_UNGUARDED_AVAILABILITY = YES_AGGRESSIVE;
				CLANG_WARN_UNREACHABLE_CODE = YES;
				CLANG_WARN__DUPLICATE_METHOD_MATCH = YES;
				COPY_PHASE_STRIP = NO;
				DEBUG_INFORMATION_FORMAT = dwarf;
				ENABLE_STRICT_OBJC_MSGSEND = YES;
				ENABLE_TESTABILITY = YES;
				GCC_C_LANGUAGE_STANDARD = gnu11;
				GCC_DYNAMIC_NO_PIC = NO;
				GCC_NO_COMMON_BLOCKS = YES;
				GCC_OPTIMIZATION_LEVEL = 0;
				GCC_PREPROCESSOR_DEFINITIONS = (
					"DEBUG=1",
					"$(inherited)",
				);
				GCC_WARN_64_TO_32_BIT_CONVERSION = YES;
				GCC_WARN_ABOUT_RETURN_TYPE = YES_ERROR;
				GCC_WARN_UNDECLARED_SELECTOR = YES;
				GCC_WARN_UNINITIALIZED_AUTOS = YES_AGGRESSIVE;
				GCC_WARN_UNUSED_FUNCTION = YES;
				GCC_WARN_UNUSED_VARIABLE = YES;
				IPHONEOS_DEPLOYMENT_TARGET = 15.4;
				MTL_ENABLE_DEBUG_INFO = INCLUDE_SOURCE;
				MTL_FAST_MATH = YES;
				ONLY_ACTIVE_ARCH = YES;
				SDKROOT = iphoneos;
				SWIFT_ACTIVE_COMPILATION_CONDITIONS = DEBUG;
				SWIFT_OPTIMIZATION_LEVEL = "-Onone";
			};
			name = Debug;
		};
		35ED9D4828236D790090DFB6 /* Release */ = {
			isa = XCBuildConfiguration;
			buildSettings = {
				ALWAYS_SEARCH_USER_PATHS = NO;
				CLANG_ANALYZER_NONNULL = YES;
				CLANG_ANALYZER_NUMBER_OBJECT_CONVERSION = YES_AGGRESSIVE;
				CLANG_CXX_LANGUAGE_STANDARD = "gnu++17";
				CLANG_ENABLE_MODULES = YES;
				CLANG_ENABLE_OBJC_ARC = YES;
				CLANG_ENABLE_OBJC_WEAK = YES;
				CLANG_WARN_BLOCK_CAPTURE_AUTORELEASING = YES;
				CLANG_WARN_BOOL_CONVERSION = YES;
				CLANG_WARN_COMMA = YES;
				CLANG_WARN_CONSTANT_CONVERSION = YES;
				CLANG_WARN_DEPRECATED_OBJC_IMPLEMENTATIONS = YES;
				CLANG_WARN_DIRECT_OBJC_ISA_USAGE = YES_ERROR;
				CLANG_WARN_DOCUMENTATION_COMMENTS = YES;
				CLANG_WARN_EMPTY_BODY = YES;
				CLANG_WARN_ENUM_CONVERSION = YES;
				CLANG_WARN_INFINITE_RECURSION = YES;
				CLANG_WARN_INT_CONVERSION = YES;
				CLANG_WARN_NON_LITERAL_NULL_CONVERSION = YES;
				CLANG_WARN_OBJC_IMPLICIT_RETAIN_SELF = YES;
				CLANG_WARN_OBJC_LITERAL_CONVERSION = YES;
				CLANG_WARN_OBJC_ROOT_CLASS = YES_ERROR;
				CLANG_WARN_QUOTED_INCLUDE_IN_FRAMEWORK_HEADER = YES;
				CLANG_WARN_RANGE_LOOP_ANALYSIS = YES;
				CLANG_WARN_STRICT_PROTOTYPES = YES;
				CLANG_WARN_SUSPICIOUS_MOVE = YES;
				CLANG_WARN_UNGUARDED_AVAILABILITY = YES_AGGRESSIVE;
				CLANG_WARN_UNREACHABLE_CODE = YES;
				CLANG_WARN__DUPLICATE_METHOD_MATCH = YES;
				COPY_PHASE_STRIP = NO;
				DEBUG_INFORMATION_FORMAT = "dwarf-with-dsym";
				ENABLE_NS_ASSERTIONS = NO;
				ENABLE_STRICT_OBJC_MSGSEND = YES;
				GCC_C_LANGUAGE_STANDARD = gnu11;
				GCC_NO_COMMON_BLOCKS = YES;
				GCC_WARN_64_TO_32_BIT_CONVERSION = YES;
				GCC_WARN_ABOUT_RETURN_TYPE = YES_ERROR;
				GCC_WARN_UNDECLARED_SELECTOR = YES;
				GCC_WARN_UNINITIALIZED_AUTOS = YES_AGGRESSIVE;
				GCC_WARN_UNUSED_FUNCTION = YES;
				GCC_WARN_UNUSED_VARIABLE = YES;
				IPHONEOS_DEPLOYMENT_TARGET = 15.4;
				MTL_ENABLE_DEBUG_INFO = NO;
				MTL_FAST_MATH = YES;
				SDKROOT = iphoneos;
				SWIFT_COMPILATION_MODE = wholemodule;
				SWIFT_OPTIMIZATION_LEVEL = "-O";
				VALIDATE_PRODUCT = YES;
			};
			name = Release;
		};
		35ED9D4A28236D790090DFB6 /* Debug */ = {
			isa = XCBuildConfiguration;
			buildSettings = {
				ASSETCATALOG_COMPILER_APPICON_NAME = AppIcon;
				ASSETCATALOG_COMPILER_GLOBAL_ACCENT_COLOR_NAME = AccentColor;
				CODE_SIGN_STYLE = Automatic;
				CURRENT_PROJECT_VERSION = 1;
				DEVELOPMENT_ASSET_PATHS = "\"Recipes/Preview Content\"";
				DEVELOPMENT_TEAM = XU67YWGGD3;
				ENABLE_PREVIEWS = YES;
				GENERATE_INFOPLIST_FILE = YES;
				INFOPLIST_KEY_UIApplicationSceneManifest_Generation = YES;
				INFOPLIST_KEY_UIApplicationSupportsIndirectInputEvents = YES;
				INFOPLIST_KEY_UILaunchScreen_Generation = YES;
				INFOPLIST_KEY_UISupportedInterfaceOrientations_iPad = "UIInterfaceOrientationPortrait UIInterfaceOrientationPortraitUpsideDown UIInterfaceOrientationLandscapeLeft UIInterfaceOrientationLandscapeRight";
				INFOPLIST_KEY_UISupportedInterfaceOrientations_iPhone = "UIInterfaceOrientationPortrait UIInterfaceOrientationLandscapeLeft UIInterfaceOrientationLandscapeRight";
				IPHONEOS_DEPLOYMENT_TARGET = 15.0;
				LD_RUNPATH_SEARCH_PATHS = (
					"$(inherited)",
					"@executable_path/Frameworks",
				);
				MARKETING_VERSION = 1.0;
				PRODUCT_BUNDLE_IDENTIFIER = bakz.Recipes;
				PRODUCT_NAME = "$(TARGET_NAME)";
				SWIFT_EMIT_LOC_STRINGS = YES;
				SWIFT_VERSION = 5.0;
				TARGETED_DEVICE_FAMILY = "1,2";
			};
			name = Debug;
		};
		35ED9D4B28236D790090DFB6 /* Release */ = {
			isa = XCBuildConfiguration;
			buildSettings = {
				ASSETCATALOG_COMPILER_APPICON_NAME = AppIcon;
				ASSETCATALOG_COMPILER_GLOBAL_ACCENT_COLOR_NAME = AccentColor;
				CODE_SIGN_STYLE = Automatic;
				CURRENT_PROJECT_VERSION = 1;
				DEVELOPMENT_ASSET_PATHS = "\"Recipes/Preview Content\"";
				DEVELOPMENT_TEAM = XU67YWGGD3;
				ENABLE_PREVIEWS = YES;
				GENERATE_INFOPLIST_FILE = YES;
				INFOPLIST_KEY_UIApplicationSceneManifest_Generation = YES;
				INFOPLIST_KEY_UIApplicationSupportsIndirectInputEvents = YES;
				INFOPLIST_KEY_UILaunchScreen_Generation = YES;
				INFOPLIST_KEY_UISupportedInterfaceOrientations_iPad = "UIInterfaceOrientationPortrait UIInterfaceOrientationPortraitUpsideDown UIInterfaceOrientationLandscapeLeft UIInterfaceOrientationLandscapeRight";
				INFOPLIST_KEY_UISupportedInterfaceOrientations_iPhone = "UIInterfaceOrientationPortrait UIInterfaceOrientationLandscapeLeft UIInterfaceOrientationLandscapeRight";
				IPHONEOS_DEPLOYMENT_TARGET = 15.0;
				LD_RUNPATH_SEARCH_PATHS = (
					"$(inherited)",
					"@executable_path/Frameworks",
				);
				MARKETING_VERSION = 1.0;
				PRODUCT_BUNDLE_IDENTIFIER = bakz.Recipes;
				PRODUCT_NAME = "$(TARGET_NAME)";
				SWIFT_EMIT_LOC_STRINGS = YES;
				SWIFT_VERSION = 5.0;
				TARGETED_DEVICE_FAMILY = "1,2";
			};
			name = Release;
		};
/* End XCBuildConfiguration section */

/* Begin XCConfigurationList section */
		35ED9D3628236D760090DFB6 /* Build configuration list for PBXProject "Recipes" */ = {
			isa = XCConfigurationList;
			buildConfigurations = (
				35ED9D4728236D790090DFB6 /* Debug */,
				35ED9D4828236D790090DFB6 /* Release */,
			);
			defaultConfigurationIsVisible = 0;
			defaultConfigurationName = Release;
		};
		35ED9D4928236D790090DFB6 /* Build configuration list for PBXNativeTarget "Recipes" */ = {
			isa = XCConfigurationList;
			buildConfigurations = (
				35ED9D4A28236D790090DFB6 /* Debug */,
				35ED9D4B28236D790090DFB6 /* Release */,
			);
			defaultConfigurationIsVisible = 0;
			defaultConfigurationName = Release;
		};
/* End XCConfigurationList section */
	};
	rootObject = 35ED9D3328236D760090DFB6 /* Project object */;
}
